// !$*UTF8*$!
{
	archiveVersion = 1;
	classes = {
	};
	objectVersion = 50;
	objects = {

/* Begin PBXBuildFile section */
		4514991E252212F80065EFE8 /* Player.swift in Sources */ = {isa = PBXBuildFile; fileRef = 4514991D252212F80065EFE8 /* Player.swift */; };
		45149925252342C50065EFE8 /* AboutThisApp.swift in Sources */ = {isa = PBXBuildFile; fileRef = 45149924252342C30065EFE8 /* AboutThisApp.swift */; };
		45246CC32503F15D008AEAE9 /* MinutesSecondsTimer.swift in Sources */ = {isa = PBXBuildFile; fileRef = 45246CC22503F15D008AEAE9 /* MinutesSecondsTimer.swift */; };
		45CC0F94252078F70039DFF1 /* UserSettings.swift in Sources */ = {isa = PBXBuildFile; fileRef = 45CC0F93252078F70039DFF1 /* UserSettings.swift */; };
		45CC0F99252079360039DFF1 /* PreLaunch.swift in Sources */ = {isa = PBXBuildFile; fileRef = 45CC0F98252079360039DFF1 /* PreLaunch.swift */; };
		45CC0F9C252079690039DFF1 /* BackgroundGradient.swift in Sources */ = {isa = PBXBuildFile; fileRef = 45CC0F9B252079690039DFF1 /* BackgroundGradient.swift */; };
		45CC0F9F252079A10039DFF1 /* Color+Ext.swift in Sources */ = {isa = PBXBuildFile; fileRef = 45CC0F9E252079A10039DFF1 /* Color+Ext.swift */; };
		45CC0FA5252083FC0039DFF1 /* InfoView.swift in Sources */ = {isa = PBXBuildFile; fileRef = 45CC0FA4252083FC0039DFF1 /* InfoView.swift */; };
		45CC0FAB2520CB740039DFF1 /* bip.aiff in Resources */ = {isa = PBXBuildFile; fileRef = 45CC0FA92520CB730039DFF1 /* bip.aiff */; };
		45CC0FAC2520CB740039DFF1 /* bop.aiff in Resources */ = {isa = PBXBuildFile; fileRef = 45CC0FAA2520CB730039DFF1 /* bop.aiff */; };
		45E8F4632502271100F4C375 /* worldCuppingApp.swift in Sources */ = {isa = PBXBuildFile; fileRef = 45E8F4622502271100F4C375 /* worldCuppingApp.swift */; };
		45E8F4652502271100F4C375 /* ContentView.swift in Sources */ = {isa = PBXBuildFile; fileRef = 45E8F4642502271100F4C375 /* ContentView.swift */; };
		45E8F4672502271400F4C375 /* Assets.xcassets in Resources */ = {isa = PBXBuildFile; fileRef = 45E8F4662502271400F4C375 /* Assets.xcassets */; };
		45E8F46A2502271400F4C375 /* Preview Assets.xcassets in Resources */ = {isa = PBXBuildFile; fileRef = 45E8F4692502271400F4C375 /* Preview Assets.xcassets */; };
		45E8F472250227BC00F4C375 /* SettingsButton.swift in Sources */ = {isa = PBXBuildFile; fileRef = 45E8F471250227BB00F4C375 /* SettingsButton.swift */; };
		45E8F4742502281A00F4C375 /* SettingsView.swift in Sources */ = {isa = PBXBuildFile; fileRef = 45E8F4732502281A00F4C375 /* SettingsView.swift */; };
		45E8F476250228A800F4C375 /* MailView.swift in Sources */ = {isa = PBXBuildFile; fileRef = 45E8F475250228A800F4C375 /* MailView.swift */; };
		45E8F478250228AE00F4C375 /* PrivacyView.swift in Sources */ = {isa = PBXBuildFile; fileRef = 45E8F477250228AE00F4C375 /* PrivacyView.swift */; };
		45E8F47A2502484C00F4C375 /* TitleView.swift in Sources */ = {isa = PBXBuildFile; fileRef = 45E8F4792502484C00F4C375 /* TitleView.swift */; };
		45E8F47C2502494500F4C375 /* ActivityRingView.swift in Sources */ = {isa = PBXBuildFile; fileRef = 45E8F47B2502494500F4C375 /* ActivityRingView.swift */; };
		45E8F480250288BA00F4C375 /* OneCupOfCoffee.swift in Sources */ = {isa = PBXBuildFile; fileRef = 45E8F47F250288BA00F4C375 /* OneCupOfCoffee.swift */; };
		45E8F48225028E2F00F4C375 /* BackgroundTimer.swift in Sources */ = {isa = PBXBuildFile; fileRef = 45E8F48125028E2F00F4C375 /* BackgroundTimer.swift */; };
		45E8F4842502945100F4C375 /* PushButton.swift in Sources */ = {isa = PBXBuildFile; fileRef = 45E8F4832502945100F4C375 /* PushButton.swift */; };
/* End PBXBuildFile section */

/* Begin PBXFileReference section */
		4514991D252212F80065EFE8 /* Player.swift */ = {isa = PBXFileReference; lastKnownFileType = sourcecode.swift; path = Player.swift; sourceTree = "<group>"; };
		45149924252342C30065EFE8 /* AboutThisApp.swift */ = {isa = PBXFileReference; lastKnownFileType = sourcecode.swift; path = AboutThisApp.swift; sourceTree = "<group>"; };
		45246CC22503F15D008AEAE9 /* MinutesSecondsTimer.swift */ = {isa = PBXFileReference; lastKnownFileType = sourcecode.swift; path = MinutesSecondsTimer.swift; sourceTree = "<group>"; };
		45CC0F93252078F70039DFF1 /* UserSettings.swift */ = {isa = PBXFileReference; lastKnownFileType = sourcecode.swift; path = UserSettings.swift; sourceTree = "<group>"; };
		45CC0F98252079360039DFF1 /* PreLaunch.swift */ = {isa = PBXFileReference; lastKnownFileType = sourcecode.swift; path = PreLaunch.swift; sourceTree = "<group>"; };
		45CC0F9B252079690039DFF1 /* BackgroundGradient.swift */ = {isa = PBXFileReference; lastKnownFileType = sourcecode.swift; path = BackgroundGradient.swift; sourceTree = "<group>"; };
		45CC0F9E252079A10039DFF1 /* Color+Ext.swift */ = {isa = PBXFileReference; lastKnownFileType = sourcecode.swift; path = "Color+Ext.swift"; sourceTree = "<group>"; };
		45CC0FA4252083FC0039DFF1 /* InfoView.swift */ = {isa = PBXFileReference; lastKnownFileType = sourcecode.swift; path = InfoView.swift; sourceTree = "<group>"; };
		45CC0FA92520CB730039DFF1 /* bip.aiff */ = {isa = PBXFileReference; lastKnownFileType = audio.aiff; path = bip.aiff; sourceTree = "<group>"; };
		45CC0FAA2520CB730039DFF1 /* bop.aiff */ = {isa = PBXFileReference; lastKnownFileType = audio.aiff; path = bop.aiff; sourceTree = "<group>"; };
		45E8F45F2502271100F4C375 /* worldCupping.app */ = {isa = PBXFileReference; explicitFileType = wrapper.application; includeInIndex = 0; path = worldCupping.app; sourceTree = BUILT_PRODUCTS_DIR; };
		45E8F4622502271100F4C375 /* worldCuppingApp.swift */ = {isa = PBXFileReference; lastKnownFileType = sourcecode.swift; path = worldCuppingApp.swift; sourceTree = "<group>"; };
		45E8F4642502271100F4C375 /* ContentView.swift */ = {isa = PBXFileReference; lastKnownFileType = sourcecode.swift; path = ContentView.swift; sourceTree = "<group>"; };
		45E8F4662502271400F4C375 /* Assets.xcassets */ = {isa = PBXFileReference; lastKnownFileType = folder.assetcatalog; path = Assets.xcassets; sourceTree = "<group>"; };
		45E8F4692502271400F4C375 /* Preview Assets.xcassets */ = {isa = PBXFileReference; lastKnownFileType = folder.assetcatalog; path = "Preview Assets.xcassets"; sourceTree = "<group>"; };
		45E8F46B2502271400F4C375 /* Info.plist */ = {isa = PBXFileReference; lastKnownFileType = text.plist.xml; path = Info.plist; sourceTree = "<group>"; };
		45E8F471250227BB00F4C375 /* SettingsButton.swift */ = {isa = PBXFileReference; fileEncoding = 4; lastKnownFileType = sourcecode.swift; path = SettingsButton.swift; sourceTree = "<group>"; };
		45E8F4732502281A00F4C375 /* SettingsView.swift */ = {isa = PBXFileReference; fileEncoding = 4; lastKnownFileType = sourcecode.swift; path = SettingsView.swift; sourceTree = "<group>"; };
		45E8F475250228A800F4C375 /* MailView.swift */ = {isa = PBXFileReference; fileEncoding = 4; lastKnownFileType = sourcecode.swift; path = MailView.swift; sourceTree = "<group>"; };
		45E8F477250228AE00F4C375 /* PrivacyView.swift */ = {isa = PBXFileReference; fileEncoding = 4; lastKnownFileType = sourcecode.swift; path = PrivacyView.swift; sourceTree = "<group>"; };
		45E8F4792502484C00F4C375 /* TitleView.swift */ = {isa = PBXFileReference; fileEncoding = 4; lastKnownFileType = sourcecode.swift; path = TitleView.swift; sourceTree = "<group>"; };
		45E8F47B2502494500F4C375 /* ActivityRingView.swift */ = {isa = PBXFileReference; fileEncoding = 4; lastKnownFileType = sourcecode.swift; path = ActivityRingView.swift; sourceTree = "<group>"; };
		45E8F47F250288BA00F4C375 /* OneCupOfCoffee.swift */ = {isa = PBXFileReference; lastKnownFileType = sourcecode.swift; path = OneCupOfCoffee.swift; sourceTree = "<group>"; };
		45E8F48125028E2F00F4C375 /* BackgroundTimer.swift */ = {isa = PBXFileReference; lastKnownFileType = sourcecode.swift; path = BackgroundTimer.swift; sourceTree = "<group>"; };
		45E8F4832502945100F4C375 /* PushButton.swift */ = {isa = PBXFileReference; fileEncoding = 4; lastKnownFileType = sourcecode.swift; path = PushButton.swift; sourceTree = "<group>"; };
/* End PBXFileReference section */

/* Begin PBXFrameworksBuildPhase section */
		45E8F45C2502271100F4C375 /* Frameworks */ = {
			isa = PBXFrameworksBuildPhase;
			buildActionMask = 2147483647;
			files = (
			);
			runOnlyForDeploymentPostprocessing = 0;
		};
/* End PBXFrameworksBuildPhase section */

/* Begin PBXGroup section */
		45CC0F91252078830039DFF1 /* settingsViews */ = {
			isa = PBXGroup;
			children = (
				45E8F4732502281A00F4C375 /* SettingsView.swift */,
				45149924252342C30065EFE8 /* AboutThisApp.swift */,
				45E8F477250228AE00F4C375 /* PrivacyView.swift */,
				45E8F475250228A800F4C375 /* MailView.swift */,
			);
			path = settingsViews;
			sourceTree = "<group>";
		};
		45CC0F96252079120039DFF1 /* Model */ = {
			isa = PBXGroup;
			children = (
				4514991D252212F80065EFE8 /* Player.swift */,
				45CC0F93252078F70039DFF1 /* UserSettings.swift */,
			);
			path = Model;
			sourceTree = "<group>";
		};
		45CC0FA1252079A60039DFF1 /* Extensions */ = {
			isa = PBXGroup;
			children = (
				45CC0F9E252079A10039DFF1 /* Color+Ext.swift */,
			);
			path = Extensions;
			sourceTree = "<group>";
		};
		45CC0FAF2520CB790039DFF1 /* Sounds */ = {
			isa = PBXGroup;
			children = (
				45CC0FA92520CB730039DFF1 /* bip.aiff */,
				45CC0FAA2520CB730039DFF1 /* bop.aiff */,
			);
			path = Sounds;
			sourceTree = "<group>";
		};
		45CEB08E2523743500D3A4DB /* Views */ = {
			isa = PBXGroup;
			children = (
				45CC0FA4252083FC0039DFF1 /* InfoView.swift */,
				45E8F47F250288BA00F4C375 /* OneCupOfCoffee.swift */,
				45E8F48125028E2F00F4C375 /* BackgroundTimer.swift */,
				45E8F4832502945100F4C375 /* PushButton.swift */,
				45E8F4792502484C00F4C375 /* TitleView.swift */,
				45E8F471250227BB00F4C375 /* SettingsButton.swift */,
				45CC0F9B252079690039DFF1 /* BackgroundGradient.swift */,
				45E8F47B2502494500F4C375 /* ActivityRingView.swift */,
				45246CC22503F15D008AEAE9 /* MinutesSecondsTimer.swift */,
				45CC0F91252078830039DFF1 /* settingsViews */,
			);
			path = Views;
			sourceTree = "<group>";
		};
		45E8F4562502271100F4C375 = {
			isa = PBXGroup;
			children = (
				45E8F4612502271100F4C375 /* worldCupping */,
				45E8F4602502271100F4C375 /* Products */,
			);
			sourceTree = "<group>";
		};
		45E8F4602502271100F4C375 /* Products */ = {
			isa = PBXGroup;
			children = (
				45E8F45F2502271100F4C375 /* worldCupping.app */,
			);
			name = Products;
			sourceTree = "<group>";
		};
		45E8F4612502271100F4C375 /* worldCupping */ = {
			isa = PBXGroup;
			children = (
				45E8F4622502271100F4C375 /* worldCuppingApp.swift */,
				45CC0F98252079360039DFF1 /* PreLaunch.swift */,
				45E8F4642502271100F4C375 /* ContentView.swift */,
				45CEB08E2523743500D3A4DB /* Views */,
				45CC0FAF2520CB790039DFF1 /* Sounds */,
				45CC0FA1252079A60039DFF1 /* Extensions */,
				45CC0F96252079120039DFF1 /* Model */,
				45E8F4662502271400F4C375 /* Assets.xcassets */,
				45E8F46B2502271400F4C375 /* Info.plist */,
				45E8F4682502271400F4C375 /* Preview Content */,
			);
			path = worldCupping;
			sourceTree = "<group>";
		};
		45E8F4682502271400F4C375 /* Preview Content */ = {
			isa = PBXGroup;
			children = (
				45E8F4692502271400F4C375 /* Preview Assets.xcassets */,
			);
			path = "Preview Content";
			sourceTree = "<group>";
		};
/* End PBXGroup section */

/* Begin PBXNativeTarget section */
		45E8F45E2502271100F4C375 /* worldCupping */ = {
			isa = PBXNativeTarget;
			buildConfigurationList = 45E8F46E2502271400F4C375 /* Build configuration list for PBXNativeTarget "worldCupping" */;
			buildPhases = (
				45E8F45B2502271100F4C375 /* Sources */,
				45E8F45C2502271100F4C375 /* Frameworks */,
				45E8F45D2502271100F4C375 /* Resources */,
			);
			buildRules = (
			);
			dependencies = (
			);
			name = worldCupping;
			productName = worldCupping;
			productReference = 45E8F45F2502271100F4C375 /* worldCupping.app */;
			productType = "com.apple.product-type.application";
		};
/* End PBXNativeTarget section */

/* Begin PBXProject section */
		45E8F4572502271100F4C375 /* Project object */ = {
			isa = PBXProject;
			attributes = {
				LastSwiftUpdateCheck = 1200;
				LastUpgradeCheck = 1200;
				TargetAttributes = {
					45E8F45E2502271100F4C375 = {
						CreatedOnToolsVersion = 12.0;
					};
				};
			};
			buildConfigurationList = 45E8F45A2502271100F4C375 /* Build configuration list for PBXProject "worldCupping" */;
			compatibilityVersion = "Xcode 9.3";
			developmentRegion = en;
			hasScannedForEncodings = 0;
			knownRegions = (
				en,
				Base,
			);
			mainGroup = 45E8F4562502271100F4C375;
			productRefGroup = 45E8F4602502271100F4C375 /* Products */;
			projectDirPath = "";
			projectRoot = "";
			targets = (
				45E8F45E2502271100F4C375 /* worldCupping */,
			);
		};
/* End PBXProject section */

/* Begin PBXResourcesBuildPhase section */
		45E8F45D2502271100F4C375 /* Resources */ = {
			isa = PBXResourcesBuildPhase;
			buildActionMask = 2147483647;
			files = (
				45E8F46A2502271400F4C375 /* Preview Assets.xcassets in Resources */,
				45CC0FAC2520CB740039DFF1 /* bop.aiff in Resources */,
				45E8F4672502271400F4C375 /* Assets.xcassets in Resources */,
				45CC0FAB2520CB740039DFF1 /* bip.aiff in Resources */,
			);
			runOnlyForDeploymentPostprocessing = 0;
		};
/* End PBXResourcesBuildPhase section */

/* Begin PBXSourcesBuildPhase section */
		45E8F45B2502271100F4C375 /* Sources */ = {
			isa = PBXSourcesBuildPhase;
			buildActionMask = 2147483647;
			files = (
				45E8F48225028E2F00F4C375 /* BackgroundTimer.swift in Sources */,
				45E8F4652502271100F4C375 /* ContentView.swift in Sources */,
				45E8F47C2502494500F4C375 /* ActivityRingView.swift in Sources */,
				45E8F4742502281A00F4C375 /* SettingsView.swift in Sources */,
				45CC0FA5252083FC0039DFF1 /* InfoView.swift in Sources */,
				45CC0F94252078F70039DFF1 /* UserSettings.swift in Sources */,
				45CC0F9F252079A10039DFF1 /* Color+Ext.swift in Sources */,
				45E8F472250227BC00F4C375 /* SettingsButton.swift in Sources */,
				45CC0F99252079360039DFF1 /* PreLaunch.swift in Sources */,
				45E8F47A2502484C00F4C375 /* TitleView.swift in Sources */,
				45E8F4632502271100F4C375 /* worldCuppingApp.swift in Sources */,
				45E8F476250228A800F4C375 /* MailView.swift in Sources */,
				45E8F480250288BA00F4C375 /* OneCupOfCoffee.swift in Sources */,
				45246CC32503F15D008AEAE9 /* MinutesSecondsTimer.swift in Sources */,
				45E8F478250228AE00F4C375 /* PrivacyView.swift in Sources */,
				45E8F4842502945100F4C375 /* PushButton.swift in Sources */,
				45149925252342C50065EFE8 /* AboutThisApp.swift in Sources */,
				4514991E252212F80065EFE8 /* Player.swift in Sources */,
				45CC0F9C252079690039DFF1 /* BackgroundGradient.swift in Sources */,
			);
			runOnlyForDeploymentPostprocessing = 0;
		};
/* End PBXSourcesBuildPhase section */

/* Begin XCBuildConfiguration section */
		45E8F46C2502271400F4C375 /* Debug */ = {
			isa = XCBuildConfiguration;
			buildSettings = {
				ALWAYS_SEARCH_USER_PATHS = NO;
				CLANG_ANALYZER_NONNULL = YES;
				CLANG_ANALYZER_NUMBER_OBJECT_CONVERSION = YES_AGGRESSIVE;
				CLANG_CXX_LANGUAGE_STANDARD = "gnu++14";
				CLANG_CXX_LIBRARY = "libc++";
				CLANG_ENABLE_MODULES = YES;
				CLANG_ENABLE_OBJC_ARC = YES;
				CLANG_ENABLE_OBJC_WEAK = YES;
				CLANG_WARN_BLOCK_CAPTURE_AUTORELEASING = YES;
				CLANG_WARN_BOOL_CONVERSION = YES;
				CLANG_WARN_COMMA = YES;
				CLANG_WARN_CONSTANT_CONVERSION = YES;
				CLANG_WARN_DEPRECATED_OBJC_IMPLEMENTATIONS = YES;
				CLANG_WARN_DIRECT_OBJC_ISA_USAGE = YES_ERROR;
				CLANG_WARN_DOCUMENTATION_COMMENTS = YES;
				CLANG_WARN_EMPTY_BODY = YES;
				CLANG_WARN_ENUM_CONVERSION = YES;
				CLANG_WARN_INFINITE_RECURSION = YES;
				CLANG_WARN_INT_CONVERSION = YES;
				CLANG_WARN_NON_LITERAL_NULL_CONVERSION = YES;
				CLANG_WARN_OBJC_IMPLICIT_RETAIN_SELF = YES;
				CLANG_WARN_OBJC_LITERAL_CONVERSION = YES;
				CLANG_WARN_OBJC_ROOT_CLASS = YES_ERROR;
				CLANG_WARN_QUOTED_INCLUDE_IN_FRAMEWORK_HEADER = YES;
				CLANG_WARN_RANGE_LOOP_ANALYSIS = YES;
				CLANG_WARN_STRICT_PROTOTYPES = YES;
				CLANG_WARN_SUSPICIOUS_MOVE = YES;
				CLANG_WARN_UNGUARDED_AVAILABILITY = YES_AGGRESSIVE;
				CLANG_WARN_UNREACHABLE_CODE = YES;
				CLANG_WARN__DUPLICATE_METHOD_MATCH = YES;
				COPY_PHASE_STRIP = NO;
				DEBUG_INFORMATION_FORMAT = dwarf;
				ENABLE_STRICT_OBJC_MSGSEND = YES;
				ENABLE_TESTABILITY = YES;
				GCC_C_LANGUAGE_STANDARD = gnu11;
				GCC_DYNAMIC_NO_PIC = NO;
				GCC_NO_COMMON_BLOCKS = YES;
				GCC_OPTIMIZATION_LEVEL = 0;
				GCC_PREPROCESSOR_DEFINITIONS = (
					"DEBUG=1",
					"$(inherited)",
				);
				GCC_WARN_64_TO_32_BIT_CONVERSION = YES;
				GCC_WARN_ABOUT_RETURN_TYPE = YES_ERROR;
				GCC_WARN_UNDECLARED_SELECTOR = YES;
				GCC_WARN_UNINITIALIZED_AUTOS = YES_AGGRESSIVE;
				GCC_WARN_UNUSED_FUNCTION = YES;
				GCC_WARN_UNUSED_VARIABLE = YES;
				IPHONEOS_DEPLOYMENT_TARGET = 14.0;
				MTL_ENABLE_DEBUG_INFO = INCLUDE_SOURCE;
				MTL_FAST_MATH = YES;
				ONLY_ACTIVE_ARCH = YES;
				PROVISIONING_PROFILE_SPECIFIER = WorldCoffeeCuppingDevelopmentProfile;
				SDKROOT = iphoneos;
				SWIFT_ACTIVE_COMPILATION_CONDITIONS = DEBUG;
				SWIFT_OPTIMIZATION_LEVEL = "-Onone";
			};
			name = Debug;
		};
		45E8F46D2502271400F4C375 /* Release */ = {
			isa = XCBuildConfiguration;
			buildSettings = {
				ALWAYS_SEARCH_USER_PATHS = NO;
				CLANG_ANALYZER_NONNULL = YES;
				CLANG_ANALYZER_NUMBER_OBJECT_CONVERSION = YES_AGGRESSIVE;
				CLANG_CXX_LANGUAGE_STANDARD = "gnu++14";
				CLANG_CXX_LIBRARY = "libc++";
				CLANG_ENABLE_MODULES = YES;
				CLANG_ENABLE_OBJC_ARC = YES;
				CLANG_ENABLE_OBJC_WEAK = YES;
				CLANG_WARN_BLOCK_CAPTURE_AUTORELEASING = YES;
				CLANG_WARN_BOOL_CONVERSION = YES;
				CLANG_WARN_COMMA = YES;
				CLANG_WARN_CONSTANT_CONVERSION = YES;
				CLANG_WARN_DEPRECATED_OBJC_IMPLEMENTATIONS = YES;
				CLANG_WARN_DIRECT_OBJC_ISA_USAGE = YES_ERROR;
				CLANG_WARN_DOCUMENTATION_COMMENTS = YES;
				CLANG_WARN_EMPTY_BODY = YES;
				CLANG_WARN_ENUM_CONVERSION = YES;
				CLANG_WARN_INFINITE_RECURSION = YES;
				CLANG_WARN_INT_CONVERSION = YES;
				CLANG_WARN_NON_LITERAL_NULL_CONVERSION = YES;
				CLANG_WARN_OBJC_IMPLICIT_RETAIN_SELF = YES;
				CLANG_WARN_OBJC_LITERAL_CONVERSION = YES;
				CLANG_WARN_OBJC_ROOT_CLASS = YES_ERROR;
				CLANG_WARN_QUOTED_INCLUDE_IN_FRAMEWORK_HEADER = YES;
				CLANG_WARN_RANGE_LOOP_ANALYSIS = YES;
				CLANG_WARN_STRICT_PROTOTYPES = YES;
				CLANG_WARN_SUSPICIOUS_MOVE = YES;
				CLANG_WARN_UNGUARDED_AVAILABILITY = YES_AGGRESSIVE;
				CLANG_WARN_UNREACHABLE_CODE = YES;
				CLANG_WARN__DUPLICATE_METHOD_MATCH = YES;
				COPY_PHASE_STRIP = NO;
				DEBUG_INFORMATION_FORMAT = "dwarf-with-dsym";
				ENABLE_NS_ASSERTIONS = NO;
				ENABLE_STRICT_OBJC_MSGSEND = YES;
				GCC_C_LANGUAGE_STANDARD = gnu11;
				GCC_NO_COMMON_BLOCKS = YES;
				GCC_WARN_64_TO_32_BIT_CONVERSION = YES;
				GCC_WARN_ABOUT_RETURN_TYPE = YES_ERROR;
				GCC_WARN_UNDECLARED_SELECTOR = YES;
				GCC_WARN_UNINITIALIZED_AUTOS = YES_AGGRESSIVE;
				GCC_WARN_UNUSED_FUNCTION = YES;
				GCC_WARN_UNUSED_VARIABLE = YES;
				IPHONEOS_DEPLOYMENT_TARGET = 14.0;
				MTL_ENABLE_DEBUG_INFO = NO;
				MTL_FAST_MATH = YES;
				PROVISIONING_PROFILE_SPECIFIER = WorldCoffeeCuppingDevelopmentProfile;
				SDKROOT = iphoneos;
				SWIFT_COMPILATION_MODE = wholemodule;
				SWIFT_OPTIMIZATION_LEVEL = "-O";
				VALIDATE_PRODUCT = YES;
			};
			name = Release;
		};
		45E8F46F2502271400F4C375 /* Debug */ = {
			isa = XCBuildConfiguration;
			buildSettings = {
				ASSETCATALOG_COMPILER_APPICON_NAME = AppIcon;
				ASSETCATALOG_COMPILER_GLOBAL_ACCENT_COLOR_NAME = AccentColor;
				CODE_SIGN_IDENTITY = "iPhone Developer: Laurent Brusa (9TKNZP9RU6)";
				CODE_SIGN_STYLE = Manual;
				DEVELOPMENT_ASSET_PATHS = "\"worldCupping/Preview Content\"";
				DEVELOPMENT_TEAM = GGXD5E6AF8;
				ENABLE_PREVIEWS = YES;
				INFOPLIST_FILE = worldCupping/Info.plist;
				IPHONEOS_DEPLOYMENT_TARGET = 14.0;
				LD_RUNPATH_SEARCH_PATHS = (
					"$(inherited)",
					"@executable_path/Frameworks",
				);
				PRODUCT_BUNDLE_IDENTIFIER = com.laurentb.worldCoffeeCupping;
				PRODUCT_NAME = "$(TARGET_NAME)";
				PROVISIONING_PROFILE_SPECIFIER = WorldCoffeeCuppingDevelopmentProfile;
				SWIFT_VERSION = 5.0;
				TARGETED_DEVICE_FAMILY = "1,2";
			};
			name = Debug;
		};
		45E8F4702502271400F4C375 /* Release */ = {
			isa = XCBuildConfiguration;
			buildSettings = {
				ASSETCATALOG_COMPILER_APPICON_NAME = AppIcon;
				ASSETCATALOG_COMPILER_GLOBAL_ACCENT_COLOR_NAME = AccentColor;
				CODE_SIGN_IDENTITY = "iPhone Developer: Laurent Brusa (9TKNZP9RU6)";
				CODE_SIGN_STYLE = Manual;
				DEVELOPMENT_ASSET_PATHS = "\"worldCupping/Preview Content\"";
				DEVELOPMENT_TEAM = GGXD5E6AF8;
				ENABLE_PREVIEWS = YES;
				INFOPLIST_FILE = worldCupping/Info.plist;
				IPHONEOS_DEPLOYMENT_TARGET = 14.0;
				LD_RUNPATH_SEARCH_PATHS = (
					"$(inherited)",
					"@executable_path/Frameworks",
				);
				PRODUCT_BUNDLE_IDENTIFIER = com.laurentb.worldCoffeeCupping;
				PRODUCT_NAME = "$(TARGET_NAME)";
				PROVISIONING_PROFILE_SPECIFIER = WorldCoffeeCuppingDevelopmentProfile;
				SWIFT_VERSION = 5.0;
				TARGETED_DEVICE_FAMILY = "1,2";
			};
			name = Release;
		};
/* End XCBuildConfiguration section */

/* Begin XCConfigurationList section */
		45E8F45A2502271100F4C375 /* Build configuration list for PBXProject "worldCupping" */ = {
			isa = XCConfigurationList;
			buildConfigurations = (
				45E8F46C2502271400F4C375 /* Debug */,
				45E8F46D2502271400F4C375 /* Release */,
			);
			defaultConfigurationIsVisible = 0;
			defaultConfigurationName = Release;
		};
		45E8F46E2502271400F4C375 /* Build configuration list for PBXNativeTarget "worldCupping" */ = {
			isa = XCConfigurationList;
			buildConfigurations = (
				45E8F46F2502271400F4C375 /* Debug */,
				45E8F4702502271400F4C375 /* Release */,
			);
			defaultConfigurationIsVisible = 0;
			defaultConfigurationName = Release;
		};
/* End XCConfigurationList section */
	};
	rootObject = 45E8F4572502271100F4C375 /* Project object */;
}
